
Microsoft Visual Studio Solution File, Format Version 12.00
# Visual Studio Version 17
VisualStudioVersion = 17.6.33815.320
MinimumVisualStudioVersion = 10.0.40219.1
Project("{9A19103F-16F7-4668-BE54-9A1E7A4F7556}") = "SP01 Processes", "SP01 Processes\SP01 Processes.csproj", "{6AFD5477-5120-4BBD-9453-4D3D3C10565A}"
EndProject
Project("{2150E333-8FDC-42A3-9474-1A3956D46DE8}") = "SP01", "SP01", "{5E35EFD3-50E1-4511-885C-F438FED74EEF}"
EndProject
Project("{2150E333-8FDC-42A3-9474-1A3956D46DE8}") = "SP02", "SP02", "{9517A433-5A64-40A2-8DF1-A63AFB2AF9A5}"
EndProject
Project("{9A19103F-16F7-4668-BE54-9A1E7A4F7556}") = "SP02 Thread", "SP02 Thread\SP02 Thread.csproj", "{93B18BDB-B3E3-4D73-9A28-48ED041F137F}"
EndProject
Project("{9A19103F-16F7-4668-BE54-9A1E7A4F7556}") = "SP02 Downloading", "Downloading\SP02 Downloading.csproj", "{6DEA6F24-1099-41C4-929E-029DFCD1AE09}"
EndProject
Project("{9A19103F-16F7-4668-BE54-9A1E7A4F7556}") = "Albahari tricks", "Albahari tricks\Albahari tricks.csproj", "{44ABEAE3-491D-4B20-9B6C-D1475CC40EFA}"
EndProject
Project("{2150E333-8FDC-42A3-9474-1A3956D46DE8}") = "SP03", "SP03", "{6AFCA763-359F-40C3-BA17-4084A88C3219}"
EndProject
Project("{FAE04EC0-301F-11D3-BF4B-00C04F79EFBC}") = "SP03 Asynchronies methods", "SP03 Asynchronies methods\SP03 Asynchronies methods.csproj", "{15538C82-CCE0-4079-AC5F-48B5D50E22E9}"
EndProject
Project("{9A19103F-16F7-4668-BE54-9A1E7A4F7556}") = "SP03 ThreadPool", "SP03 ThreadPool\SP03 ThreadPool.csproj", "{83B6F169-63CC-4BB9-8A2A-BD2FCB7B683C}"
EndProject
Project("{9A19103F-16F7-4668-BE54-9A1E7A4F7556}") = "SP03 Thread vs ThreadPool", "SP03 Thread vs ThreadPool\SP03 Thread vs ThreadPool.csproj", "{86C52A47-A476-45FE-A9D8-48D60B4FF9BD}"
EndProject
Project("{2150E333-8FDC-42A3-9474-1A3956D46DE8}") = "SP04", "SP04", "{74E04527-68BD-4967-825F-C56B4F10CDD1}"
EndProject
Project("{9A19103F-16F7-4668-BE54-9A1E7A4F7556}") = "SP04 out ref", "SP04 out ref\SP04 out ref.csproj", "{60AEF9DF-6957-497F-B87D-310AC929CF45}"
EndProject
Project("{9A19103F-16F7-4668-BE54-9A1E7A4F7556}") = "SP04 Interlocked, monitor, lock", "SP04 Interlocked, monitor, lock\SP04 Interlocked, monitor, lock.csproj", "{A42F5003-5F30-4E56-9F80-DE6353A029C8}"
EndProject
Project("{9A19103F-16F7-4668-BE54-9A1E7A4F7556}") = "SP 05. Deadlock", "SP 05. Deadlock\SP 05. Deadlock.csproj", "{23CF4D97-3EF3-456E-A2CE-CB40D213EFF7}"
EndProject
Project("{2150E333-8FDC-42A3-9474-1A3956D46DE8}") = "SP05", "SP05", "{4309C9BC-9F48-41FD-ACA6-64DBB1A56BF9}"
EndProject
Project("{9A19103F-16F7-4668-BE54-9A1E7A4F7556}") = "SP05. Mutex, Semaphore, SemaphoreSlim", "SP05. Mutex, Semaphore, SemaphoreSlim\SP05. Mutex, Semaphore, SemaphoreSlim.csproj", "{44377AC0-78AB-4A0C-BEC6-E71F92B7577C}"
EndProject
Project("{2150E333-8FDC-42A3-9474-1A3956D46DE8}") = "SP06", "SP06", "{A85DD579-117C-4D9C-9FF1-582FF31EF9B1}"
EndProject
Project("{9A19103F-16F7-4668-BE54-9A1E7A4F7556}") = "SP06. CancellationToken", "SP06. CancellationToken\SP06. CancellationToken.csproj", "{A21C7892-A45D-421D-9EAD-CCFAB6E5422A}"
EndProject
Project("{9A19103F-16F7-4668-BE54-9A1E7A4F7556}") = "SP 06. Cancellation Token with Winform", "SP 06. Cancellation Token with Winform\SP 06. Cancellation Token with Winform.csproj", "{D51CB530-2127-4B33-881F-A0452AB557E5}"
EndProject
Project("{9A19103F-16F7-4668-BE54-9A1E7A4F7556}") = "SP06. AutoResetEvent", "SP06. AutoResetEvent\SP06. AutoResetEvent.csproj", "{0459ACB1-74C4-495F-A64F-710C52F222AB}"
EndProject
Project("{9A19103F-16F7-4668-BE54-9A1E7A4F7556}") = "SP06. TPL", "SP06. TPL\SP06. TPL.csproj", "{148CF888-C34C-4A2C-B56D-0DDBA9E609E6}"
EndProject
Project("{2150E333-8FDC-42A3-9474-1A3956D46DE8}") = "SP07", "SP07", "{36C73B38-C26B-45E9-B83E-FF561BB56100}"
EndProject
Project("{FAE04EC0-301F-11D3-BF4B-00C04F79EFBC}") = "SP07.Task Result", "SP07.Task Result\SP07.Task Result.csproj", "{5E3D9CF0-C411-4C84-867C-90D22FE3E9E5}"
EndProject
Project("{FAE04EC0-301F-11D3-BF4B-00C04F79EFBC}") = "SP07. Continuations", "SP07. Continuations\SP07. Continuations.csproj", "{C027D62F-0B2A-418B-A916-32FB19E0CC87}"
EndProject
Project("{FAE04EC0-301F-11D3-BF4B-00C04F79EFBC}") = "SP07. Continuations and child tasks", "SP07. Continuations and child tasks\SP07. Continuations and child tasks.csproj", "{DA490C33-6281-45A5-98DE-3C8D2236CAC5}"
EndProject
Global
	GlobalSection(SolutionConfigurationPlatforms) = preSolution
		Debug|Any CPU = Debug|Any CPU
		Release|Any CPU = Release|Any CPU
	EndGlobalSection
	GlobalSection(ProjectConfigurationPlatforms) = postSolution
		{6AFD5477-5120-4BBD-9453-4D3D3C10565A}.Debug|Any CPU.ActiveCfg = Debug|Any CPU
		{6AFD5477-5120-4BBD-9453-4D3D3C10565A}.Debug|Any CPU.Build.0 = Debug|Any CPU
		{6AFD5477-5120-4BBD-9453-4D3D3C10565A}.Release|Any CPU.ActiveCfg = Release|Any CPU
		{6AFD5477-5120-4BBD-9453-4D3D3C10565A}.Release|Any CPU.Build.0 = Release|Any CPU
		{93B18BDB-B3E3-4D73-9A28-48ED041F137F}.Debug|Any CPU.ActiveCfg = Debug|Any CPU
		{93B18BDB-B3E3-4D73-9A28-48ED041F137F}.Debug|Any CPU.Build.0 = Debug|Any CPU
		{93B18BDB-B3E3-4D73-9A28-48ED041F137F}.Release|Any CPU.ActiveCfg = Release|Any CPU
		{93B18BDB-B3E3-4D73-9A28-48ED041F137F}.Release|Any CPU.Build.0 = Release|Any CPU
		{6DEA6F24-1099-41C4-929E-029DFCD1AE09}.Debug|Any CPU.ActiveCfg = Debug|Any CPU
		{6DEA6F24-1099-41C4-929E-029DFCD1AE09}.Debug|Any CPU.Build.0 = Debug|Any CPU
		{6DEA6F24-1099-41C4-929E-029DFCD1AE09}.Release|Any CPU.ActiveCfg = Release|Any CPU
		{6DEA6F24-1099-41C4-929E-029DFCD1AE09}.Release|Any CPU.Build.0 = Release|Any CPU
		{44ABEAE3-491D-4B20-9B6C-D1475CC40EFA}.Debug|Any CPU.ActiveCfg = Debug|Any CPU
		{44ABEAE3-491D-4B20-9B6C-D1475CC40EFA}.Debug|Any CPU.Build.0 = Debug|Any CPU
		{44ABEAE3-491D-4B20-9B6C-D1475CC40EFA}.Release|Any CPU.ActiveCfg = Release|Any CPU
		{44ABEAE3-491D-4B20-9B6C-D1475CC40EFA}.Release|Any CPU.Build.0 = Release|Any CPU
		{15538C82-CCE0-4079-AC5F-48B5D50E22E9}.Debug|Any CPU.ActiveCfg = Debug|Any CPU
		{15538C82-CCE0-4079-AC5F-48B5D50E22E9}.Debug|Any CPU.Build.0 = Debug|Any CPU
		{15538C82-CCE0-4079-AC5F-48B5D50E22E9}.Release|Any CPU.ActiveCfg = Release|Any CPU
		{15538C82-CCE0-4079-AC5F-48B5D50E22E9}.Release|Any CPU.Build.0 = Release|Any CPU
		{83B6F169-63CC-4BB9-8A2A-BD2FCB7B683C}.Debug|Any CPU.ActiveCfg = Debug|Any CPU
		{83B6F169-63CC-4BB9-8A2A-BD2FCB7B683C}.Debug|Any CPU.Build.0 = Debug|Any CPU
		{83B6F169-63CC-4BB9-8A2A-BD2FCB7B683C}.Release|Any CPU.ActiveCfg = Release|Any CPU
		{83B6F169-63CC-4BB9-8A2A-BD2FCB7B683C}.Release|Any CPU.Build.0 = Release|Any CPU
		{86C52A47-A476-45FE-A9D8-48D60B4FF9BD}.Debug|Any CPU.ActiveCfg = Debug|Any CPU
		{86C52A47-A476-45FE-A9D8-48D60B4FF9BD}.Debug|Any CPU.Build.0 = Debug|Any CPU
		{86C52A47-A476-45FE-A9D8-48D60B4FF9BD}.Release|Any CPU.ActiveCfg = Release|Any CPU
		{86C52A47-A476-45FE-A9D8-48D60B4FF9BD}.Release|Any CPU.Build.0 = Release|Any CPU
		{60AEF9DF-6957-497F-B87D-310AC929CF45}.Debug|Any CPU.ActiveCfg = Debug|Any CPU
		{60AEF9DF-6957-497F-B87D-310AC929CF45}.Debug|Any CPU.Build.0 = Debug|Any CPU
		{60AEF9DF-6957-497F-B87D-310AC929CF45}.Release|Any CPU.ActiveCfg = Release|Any CPU
		{60AEF9DF-6957-497F-B87D-310AC929CF45}.Release|Any CPU.Build.0 = Release|Any CPU
		{A42F5003-5F30-4E56-9F80-DE6353A029C8}.Debug|Any CPU.ActiveCfg = Debug|Any CPU
		{A42F5003-5F30-4E56-9F80-DE6353A029C8}.Debug|Any CPU.Build.0 = Debug|Any CPU
		{A42F5003-5F30-4E56-9F80-DE6353A029C8}.Release|Any CPU.ActiveCfg = Release|Any CPU
		{A42F5003-5F30-4E56-9F80-DE6353A029C8}.Release|Any CPU.Build.0 = Release|Any CPU
		{23CF4D97-3EF3-456E-A2CE-CB40D213EFF7}.Debug|Any CPU.ActiveCfg = Debug|Any CPU
		{23CF4D97-3EF3-456E-A2CE-CB40D213EFF7}.Debug|Any CPU.Build.0 = Debug|Any CPU
		{23CF4D97-3EF3-456E-A2CE-CB40D213EFF7}.Release|Any CPU.ActiveCfg = Release|Any CPU
		{23CF4D97-3EF3-456E-A2CE-CB40D213EFF7}.Release|Any CPU.Build.0 = Release|Any CPU
		{44377AC0-78AB-4A0C-BEC6-E71F92B7577C}.Debug|Any CPU.ActiveCfg = Debug|Any CPU
		{44377AC0-78AB-4A0C-BEC6-E71F92B7577C}.Debug|Any CPU.Build.0 = Debug|Any CPU
		{44377AC0-78AB-4A0C-BEC6-E71F92B7577C}.Release|Any CPU.ActiveCfg = Release|Any CPU
		{44377AC0-78AB-4A0C-BEC6-E71F92B7577C}.Release|Any CPU.Build.0 = Release|Any CPU
		{A21C7892-A45D-421D-9EAD-CCFAB6E5422A}.Debug|Any CPU.ActiveCfg = Debug|Any CPU
		{A21C7892-A45D-421D-9EAD-CCFAB6E5422A}.Debug|Any CPU.Build.0 = Debug|Any CPU
		{A21C7892-A45D-421D-9EAD-CCFAB6E5422A}.Release|Any CPU.ActiveCfg = Release|Any CPU
		{A21C7892-A45D-421D-9EAD-CCFAB6E5422A}.Release|Any CPU.Build.0 = Release|Any CPU
		{D51CB530-2127-4B33-881F-A0452AB557E5}.Debug|Any CPU.ActiveCfg = Debug|Any CPU
		{D51CB530-2127-4B33-881F-A0452AB557E5}.Debug|Any CPU.Build.0 = Debug|Any CPU
		{D51CB530-2127-4B33-881F-A0452AB557E5}.Release|Any CPU.ActiveCfg = Release|Any CPU
		{D51CB530-2127-4B33-881F-A0452AB557E5}.Release|Any CPU.Build.0 = Release|Any CPU
		{0459ACB1-74C4-495F-A64F-710C52F222AB}.Debug|Any CPU.ActiveCfg = Debug|Any CPU
		{0459ACB1-74C4-495F-A64F-710C52F222AB}.Debug|Any CPU.Build.0 = Debug|Any CPU
		{0459ACB1-74C4-495F-A64F-710C52F222AB}.Release|Any CPU.ActiveCfg = Release|Any CPU
		{0459ACB1-74C4-495F-A64F-710C52F222AB}.Release|Any CPU.Build.0 = Release|Any CPU
		{148CF888-C34C-4A2C-B56D-0DDBA9E609E6}.Debug|Any CPU.ActiveCfg = Debug|Any CPU
		{148CF888-C34C-4A2C-B56D-0DDBA9E609E6}.Debug|Any CPU.Build.0 = Debug|Any CPU
		{148CF888-C34C-4A2C-B56D-0DDBA9E609E6}.Release|Any CPU.ActiveCfg = Release|Any CPU
		{148CF888-C34C-4A2C-B56D-0DDBA9E609E6}.Release|Any CPU.Build.0 = Release|Any CPU
		{5E3D9CF0-C411-4C84-867C-90D22FE3E9E5}.Debug|Any CPU.ActiveCfg = Debug|Any CPU
		{5E3D9CF0-C411-4C84-867C-90D22FE3E9E5}.Debug|Any CPU.Build.0 = Debug|Any CPU
		{5E3D9CF0-C411-4C84-867C-90D22FE3E9E5}.Release|Any CPU.ActiveCfg = Release|Any CPU
		{5E3D9CF0-C411-4C84-867C-90D22FE3E9E5}.Release|Any CPU.Build.0 = Release|Any CPU
		{C027D62F-0B2A-418B-A916-32FB19E0CC87}.Debug|Any CPU.ActiveCfg = Debug|Any CPU
		{C027D62F-0B2A-418B-A916-32FB19E0CC87}.Debug|Any CPU.Build.0 = Debug|Any CPU
		{C027D62F-0B2A-418B-A916-32FB19E0CC87}.Release|Any CPU.ActiveCfg = Release|Any CPU
		{C027D62F-0B2A-418B-A916-32FB19E0CC87}.Release|Any CPU.Build.0 = Release|Any CPU
		{DA490C33-6281-45A5-98DE-3C8D2236CAC5}.Debug|Any CPU.ActiveCfg = Debug|Any CPU
		{DA490C33-6281-45A5-98DE-3C8D2236CAC5}.Debug|Any CPU.Build.0 = Debug|Any CPU
		{DA490C33-6281-45A5-98DE-3C8D2236CAC5}.Release|Any CPU.ActiveCfg = Release|Any CPU
		{DA490C33-6281-45A5-98DE-3C8D2236CAC5}.Release|Any CPU.Build.0 = Release|Any CPU
	EndGlobalSection
	GlobalSection(SolutionProperties) = preSolution
		HideSolutionNode = FALSE
	EndGlobalSection
	GlobalSection(NestedProjects) = preSolution
		{6AFD5477-5120-4BBD-9453-4D3D3C10565A} = {5E35EFD3-50E1-4511-885C-F438FED74EEF}
		{93B18BDB-B3E3-4D73-9A28-48ED041F137F} = {9517A433-5A64-40A2-8DF1-A63AFB2AF9A5}
		{6DEA6F24-1099-41C4-929E-029DFCD1AE09} = {9517A433-5A64-40A2-8DF1-A63AFB2AF9A5}
		{44ABEAE3-491D-4B20-9B6C-D1475CC40EFA} = {9517A433-5A64-40A2-8DF1-A63AFB2AF9A5}
		{15538C82-CCE0-4079-AC5F-48B5D50E22E9} = {6AFCA763-359F-40C3-BA17-4084A88C3219}
		{83B6F169-63CC-4BB9-8A2A-BD2FCB7B683C} = {6AFCA763-359F-40C3-BA17-4084A88C3219}
		{86C52A47-A476-45FE-A9D8-48D60B4FF9BD} = {6AFCA763-359F-40C3-BA17-4084A88C3219}
		{60AEF9DF-6957-497F-B87D-310AC929CF45} = {74E04527-68BD-4967-825F-C56B4F10CDD1}
		{A42F5003-5F30-4E56-9F80-DE6353A029C8} = {74E04527-68BD-4967-825F-C56B4F10CDD1}
		{23CF4D97-3EF3-456E-A2CE-CB40D213EFF7} = {4309C9BC-9F48-41FD-ACA6-64DBB1A56BF9}
		{44377AC0-78AB-4A0C-BEC6-E71F92B7577C} = {4309C9BC-9F48-41FD-ACA6-64DBB1A56BF9}
		{A21C7892-A45D-421D-9EAD-CCFAB6E5422A} = {A85DD579-117C-4D9C-9FF1-582FF31EF9B1}
		{D51CB530-2127-4B33-881F-A0452AB557E5} = {A85DD579-117C-4D9C-9FF1-582FF31EF9B1}
		{0459ACB1-74C4-495F-A64F-710C52F222AB} = {A85DD579-117C-4D9C-9FF1-582FF31EF9B1}
		{148CF888-C34C-4A2C-B56D-0DDBA9E609E6} = {A85DD579-117C-4D9C-9FF1-582FF31EF9B1}
		{5E3D9CF0-C411-4C84-867C-90D22FE3E9E5} = {36C73B38-C26B-45E9-B83E-FF561BB56100}
		{C027D62F-0B2A-418B-A916-32FB19E0CC87} = {36C73B38-C26B-45E9-B83E-FF561BB56100}
		{DA490C33-6281-45A5-98DE-3C8D2236CAC5} = {36C73B38-C26B-45E9-B83E-FF561BB56100}
	EndGlobalSection
	GlobalSection(ExtensibilityGlobals) = postSolution
		SolutionGuid = {4EA32E15-D928-47BB-BD0A-FC4D8E87CBAF}
	EndGlobalSection
EndGlobal
